# Linux aarch64 / Python 3.12. Full clean-environment resolution.
absl-py @ https://files.pythonhosted.org/packages/58/0a/a10b45aab35b175aded078a462dc8d0c698f5b13946e7cb0869097b78bb6/absl_py-2.5.0-py3-none-any.whl --hash=sha256:0f17b89f2a4eaaedc4f28c622998aa690564b3012a396a4ffad0821007fe03ba
accelerate @ https://files.pythonhosted.org/packages/7e/46/02ac5e262d4af18054b3e922b2baedbb2a03289ee792162de60a865defc5/accelerate-1.13.0-py3-none-any.whl --hash=sha256:cf1a3efb96c18f7b152eb0fa7490f3710b19c3f395699358f08decca2b8b62e0
aiofiles @ https://files.pythonhosted.org/packages/a5/45/30bb92d442636f570cb5651bc661f52b610e2eec3f891a5dc3a4c3667db0/aiofiles-24.1.0-py3-none-any.whl --hash=sha256:b4ec55f4195e3eb5d7abd1bf7e061763e864dd4954231fb8539a0ef8bb8260e5
aiohappyeyeballs @ https://files.pythonhosted.org/packages/71/43/1947f06babed6b3f1d7f38b0c767f52df66bfb2bc10b468c4a7de9eceff2/aiohappyeyeballs-2.7.1-py3-none-any.whl --hash=sha256:9243213661e29250eb41368e5daa826fc017156c3b8a11440826b2e3ed376472
aiohttp @ https://files.pythonhosted.org/packages/54/b9/42e74c46b7b7c794b995bbc1f573fb48950c38b19d8600c62a6804ee2d67/aiohttp-3.14.3-cp312-cp312-manylinux2014_aarch64.manylinux_2_17_aarch64.manylinux_2_28_aarch64.whl --hash=sha256:f631fe87a6f30df5fbe6d79640b25e4cffb38c31c7fb6f10871517b84b0f8c1a
aiosignal @ https://files.pythonhosted.org/packages/fb/76/641ae371508676492379f16e2fa48f4e2c11741bd63c48be4b12a6b09cba/aiosignal-1.4.0-py3-none-any.whl --hash=sha256:053243f8b92b990551949e63930a839ff0cf0b0ebbe0597b0f3fb19e1a0fe82e
annotated-doc @ https://files.pythonhosted.org/packages/1e/d3/26bf1008eb3d2daa8ef4cacc7f3bfdc11818d111f7e2d0201bc6e3b49d45/annotated_doc-0.0.4-py3-none-any.whl --hash=sha256:571ac1dc6991c450b25a9c2d84a3705e2ae7a53467b5d111c24fa8baabbed320
annotated-types @ https://files.pythonhosted.org/packages/99/91/8acff4f5e50511b911bbccb72b8628a49c68ce14148cd9f6431094859a90/annotated_types-0.8.0-py3-none-any.whl --hash=sha256:f072f4d804ea359e4eaf198b1af7a8b0943881a87f31bb764f8bf219bb9419e0
anyio @ https://files.pythonhosted.org/packages/da/42/e921fccf5015463e32a3cf6ee7f980a6ed0f395ceeaa45060b61d86486c2/anyio-4.13.0-py3-none-any.whl --hash=sha256:08b310f9e24a9594186fd75b4f73f4a4152069e3853f1ed8bfbf58369f4ad708
attrs @ https://files.pythonhosted.org/packages/64/b4/17d4b0b2a2dc85a6df63d1157e028ed19f90d4cd97c36717afef2bc2f395/attrs-26.1.0-py3-none-any.whl --hash=sha256:c647aa4a12dfbad9333ca4e71fe62ddc36f4e63b2d260a37a8b83d2f043ac309
brotli @ https://files.pythonhosted.org/packages/3d/6f/feba03130d5fceadfa3a1bb102cb14650798c848b1df2a808356f939bb16/brotli-1.2.0-cp312-cp312-manylinux2014_aarch64.manylinux_2_17_aarch64.manylinux_2_28_aarch64.whl --hash=sha256:acec55bb7c90f1dfc476126f9711a8e81c9af7fb617409a9ee2953115343f08d
certifi @ https://files.pythonhosted.org/packages/59/8c/57e832b7af6d7c5abe66eb3fbe3a3a32f4d11ea23a1aa7131371035be991/certifi-2026.5.20-py3-none-any.whl --hash=sha256:3c52e209ba0a4ad7aebe60436a4ab349c39e1e602e8c134221e546902ad25897
cffi @ https://files.pythonhosted.org/packages/d5/72/12b5f8d3865bf0f87cf1404d8c374e7487dcf097a1c91c436e72e6badd83/cffi-2.0.0-cp312-cp312-manylinux2014_aarch64.manylinux_2_17_aarch64.whl --hash=sha256:b21e08af67b8a103c71a250401c78d5e0893beff75e28c53c98f4de42f774062
charset-normalizer @ https://files.pythonhosted.org/packages/f8/e3/0fadc706008ac9d7b9b5be6dc767c05f9d3e5df51744ce4cc9605de7b9f4/charset_normalizer-3.4.7-cp312-cp312-manylinux2014_aarch64.manylinux_2_17_aarch64.manylinux_2_28_aarch64.whl --hash=sha256:6178f72c5508bfc5fd446a5905e698c6212932f25bcdd4b47a757a50605a90e2
click @ https://files.pythonhosted.org/packages/c7/0d/67e5b4109ea4a837e80daa87c2c696711955e40449a97e8926672534def2/click-8.4.1-py3-none-any.whl --hash=sha256:482be17c6991b8c19c5429a1e995d9b0efdbb63172824c41f99965dc0ade8ec2
contourpy @ https://files.pythonhosted.org/packages/0f/cc/cb989599eec12fda312e127eb8e04a8b21a7a6c94bf7ff1bc68273334a42/contourpy-1.4.0-cp312-cp312-manylinux_2_26_aarch64.manylinux_2_28_aarch64.whl --hash=sha256:43c3ccbb32c6294b183dcc8e8c46dacf5ecef809497e3d48a5be298eef185ad0
cryptography @ https://files.pythonhosted.org/packages/39/3b/e96c1ef71edef71057c7e3c3d982ce8fda554e0c52d0cc19c18845cde3eb/cryptography-50.0.1-cp311-abi3-manylinux_2_34_aarch64.whl --hash=sha256:e2ca8fd1b6b4b82a1c4cb02841d0837e3c12336c2e24b520ab8ab3b969733d8f
cuda-bindings @ https://files.pythonhosted.org/packages/52/c8/b2589d68acf7e3d63e2be330b84bc25712e97ed799affbca7edd7eae25d6/cuda_bindings-13.2.0-cp312-cp312-manylinux_2_24_aarch64.manylinux_2_28_aarch64.whl --hash=sha256:e865447abfb83d6a98ad5130ed3c70b1fc295ae3eeee39fd07b4ddb0671b6788
cuda-pathfinder @ https://files.pythonhosted.org/packages/11/d0/c177e29701cf1d3008d7d2b16b5fc626592ce13bd535f8795c5f57187e0e/cuda_pathfinder-1.5.4-py3-none-any.whl --hash=sha256:9563d3175ce1828531acf4b94e1c1c7d67208c347ca002493e2654878b26f4b7
cuda-toolkit @ https://files.pythonhosted.org/packages/57/b2/453099f5f3b698d7d0eab38916aac44c7f76229f451709e2eb9db6615dcd/cuda_toolkit-13.0.2-py2.py3-none-any.whl --hash=sha256:b198824cf2f54003f50d64ada3a0f184b42ca0846c1c94192fa269ecd97a66eb
cycler @ https://files.pythonhosted.org/packages/e7/05/c19819d5e3d95294a6f5947fb9b9629efb316b96de511b418c53d245aae6/cycler-0.12.1-py3-none-any.whl --hash=sha256:85cef7cff222d8644161529808465972e51340599459b8ac3ccbac5a854e0d30
diffusers @ https://files.pythonhosted.org/packages/42/c0/3237566ea6e3a542f3c0669a253d62fe75f27b84b3d7bd4fb3b5ee89d73c/diffusers-0.38.0-py3-none-any.whl --hash=sha256:18e53f9e539096320470f62c6360a6fd5727ff28cffda566265316e13fcdb612
diskcache @ https://files.pythonhosted.org/packages/3f/27/4570e78fc0bf5ea0ca45eb1de3818a23787af9b390c0b0a0033a1b8236f9/diskcache-5.6.3-py3-none-any.whl --hash=sha256:5e31b2d5fbad117cc363ebaf6b689474db18a1f6438bc82358b024abd4c2ca19
einops @ https://files.pythonhosted.org/packages/2a/09/f8d8f8f31e4483c10a906437b4ce31bdf3d6d417b73fe33f1a8b59e34228/einops-0.8.2-py3-none-any.whl --hash=sha256:54058201ac7087911181bfec4af6091bb59380360f069276601256a76af08193
einx @ https://files.pythonhosted.org/packages/d0/28/6768d342b2b888f9facdddbd430daf015cab936e2598281ab436b1be1b4a/einx-0.4.3-py3-none-any.whl --hash=sha256:47ce54a0144f6dffcfacdd8fe2cc9e2e5e6485dda2471330ab75ee747dd22f39
fastapi @ https://files.pythonhosted.org/packages/cb/03/10388a42375ee7e4ac9b94eb2c5c569c8b5795e377e701c9ac3ad63de890/fastapi-0.141.1-py3-none-any.whl --hash=sha256:bfb91aa2d334c61cb35ba9a116fc123b3d3df31640b801cf57a7a78ec3f603b3
ffmpy @ https://files.pythonhosted.org/packages/55/56/dd3669eccebb6d8ac81e624542ebd53fe6f08e1b8f2f8d50aeb7e3b83f99/ffmpy-1.0.0-py3-none-any.whl --hash=sha256:5640e5f0fd03fb6236d0e119b16ccf6522db1c826fdf35dcb87087b60fd7504f
filelock @ https://files.pythonhosted.org/packages/81/47/dd9a212ef6e343a6857485ffe25bba537304f1913bdbed446a23f7f592e1/filelock-3.29.0-py3-none-any.whl --hash=sha256:96f5f6344709aa1572bbf631c640e4ebeeb519e08da902c39a001882f30ac258
fonttools @ https://files.pythonhosted.org/packages/75/6f/d589b9d62280a846c77a2c383d852c6dcb79ae8aa02bf0fa46c8577af145/fonttools-4.65.0-cp312-cp312-manylinux2014_aarch64.manylinux_2_17_aarch64.manylinux_2_28_aarch64.whl --hash=sha256:09c34bdeed8915bfb53bee0c8ed2254dbd8ec69c0014b7f3702f347c049bf358
frozendict @ https://files.pythonhosted.org/packages/38/74/f94141b38a51a553efef7f510fc213894161ae49b88bffd037f8d2a7cb2f/frozendict-2.4.7-py3-none-any.whl --hash=sha256:972af65924ea25cf5b4d9326d549e69a9a4918d8a76a9d3a7cd174d98b237550
frozenlist @ https://files.pythonhosted.org/packages/8f/83/f61505a05109ef3293dfb1ff594d13d64a2324ac3482be2cedc2be818256/frozenlist-1.8.0-cp312-cp312-manylinux2014_aarch64.manylinux_2_17_aarch64.manylinux_2_28_aarch64.whl --hash=sha256:96f423a119f4777a4a056b66ce11527366a8bb92f54e541ade21f2374433f6d4
fsspec @ https://files.pythonhosted.org/packages/d5/0c/043d5e551459da400957a1395e0febbf771446ff34291afcbe3d8be2a279/fsspec-2026.4.0-py3-none-any.whl --hash=sha256:11ef7bb35dab8a394fde6e608221d5cf3e8499401c249bebaeaad760a1a8dec2
gradio @ https://files.pythonhosted.org/packages/24/c4/4813d4fe00298c55b355b232ca6420827c82939906aff7c396f4ac8d635c/gradio-6.2.0-py3-none-any.whl --hash=sha256:65bcd9e26e77e9be8d688abdb18351d3f537ed16418c4274a513f280894317ed
gradio_client @ https://files.pythonhosted.org/packages/a7/a2/a3497afea984202f481de3464b3bfbcb3de1cd83cbbf3714933d40dd7106/gradio_client-2.0.2-py3-none-any.whl --hash=sha256:46a7f63eaa7758fe2e38be7f78f26a1fff48a7b526ebdd87141b050e08556622
groovy @ https://files.pythonhosted.org/packages/28/27/3d6dcadc8a3214d8522c1e7f6a19554e33659be44546d44a2f7572ac7d2a/groovy-0.1.2-py3-none-any.whl --hash=sha256:7f7975bab18c729a257a8b1ae9dcd70b7cafb1720481beae47719af57c35fa64
grpcio @ https://files.pythonhosted.org/packages/db/d1/a7b7cda98fcab9b3d2916204a872d87371158a7a34e41768f524584fb64d/grpcio-1.84.0-cp312-cp312-manylinux2014_aarch64.manylinux_2_17_aarch64.whl --hash=sha256:fbdbcd06986ede3ce584083b1dc2afe6808e8943e5cf50ad11183c03aceda25a
h11 @ https://files.pythonhosted.org/packages/04/4b/29cac41a4d98d144bf5f6d33995617b185d14b22401f75ca86f384e87ff1/h11-0.16.0-py3-none-any.whl --hash=sha256:63cf8bbe7522de3bf65932fda1d9c2772064ffb3dae62d55932da54b31cb6c86
hf-xet @ https://files.pythonhosted.org/packages/c4/a2/546f47f464737b3edbab6f8ddb57f2599b93d2cbb66f06abb475ccb48651/hf_xet-1.5.0-cp37-abi3-manylinux_2_28_aarch64.whl --hash=sha256:9a0ee58cd18d5ea799f7ed11290bbccbe56bdd8b1d97ca74b9cc49a3945d7a3b
httpcore @ https://files.pythonhosted.org/packages/7e/f5/f66802a942d491edb555dd61e3a9961140fd64c90bce1eafd741609d334d/httpcore-1.0.9-py3-none-any.whl --hash=sha256:2d400746a40668fc9dec9810239072b40b4484b640a8c38fd654a024c7a1bf55
httptools @ https://files.pythonhosted.org/packages/b7/e4/f90a0df0b83beff265b7e3b65f2a4cefd95792d4be0ac3e16049f2acd3c2/httptools-0.8.0-cp312-cp312-manylinux2014_aarch64.manylinux_2_17_aarch64.manylinux_2_28_aarch64.whl --hash=sha256:425f83884fd6343828d8c565f046cb72b6d19063f6924093e11bcd8e1548cd09
httpx @ https://files.pythonhosted.org/packages/2a/39/e50c7c3a983047577ee07d2a9e53faf5a69493943ec3f6a384bdc792deb2/httpx-0.28.1-py3-none-any.whl --hash=sha256:d909fcccc110f8c7faf814ca82a9a4d816bc5a6dbfea25d6591d6985b8ba59ad
huggingface_hub @ https://files.pythonhosted.org/packages/a8/af/48ac8483240de756d2438c380746e7130d1c6f75802ef22f3c6d49982787/huggingface_hub-0.36.2-py3-none-any.whl --hash=sha256:48f0c8eac16145dfce371e9d2d7772854a4f591bcb56c9cf548accf531d54270
idna @ https://files.pythonhosted.org/packages/94/16/70255075a9859a0e3adb789b68ceb0e210dec03934245fd98d248226572f/idna-3.16-py3-none-any.whl --hash=sha256:cc246e3a3f89580c3a951b5ad298ca4638078b2cdd4f115654332b5c26daded5
importlib_metadata @ https://files.pythonhosted.org/packages/38/3d/2d244233ac4f76e38533cfcb2991c9eb4c7bf688ae0a036d30725b8faafe/importlib_metadata-9.0.0-py3-none-any.whl --hash=sha256:2d21d1cc5a017bd0559e36150c21c830ab1dc304dedd1b7ea85d20f45ef3edd7
Jinja2 @ https://files.pythonhosted.org/packages/62/a1/3d680cbfd5f4b8f15abc1d571870c5fc3e594bb582bc3b64ea099db13e56/jinja2-3.1.6-py3-none-any.whl --hash=sha256:85ece4451f492d0c13c5dd7c13a64681a86afae63a5f347908daf103ce6d2f67
kiwisolver @ https://files.pythonhosted.org/packages/6f/35/09c58daac34e6f6ea5c6dee0094b422118e5a7c265586008a95fd135ac5f/kiwisolver-1.5.1-cp312-cp312-manylinux_2_24_aarch64.manylinux_2_28_aarch64.whl --hash=sha256:d27c2123977cb9269c30a49ba45f03a4323017ef693e19db4ec9dbe1299a3002
lightning @ https://files.pythonhosted.org/packages/12/43/7da7fe42f254ce57777d1a86eece3f86d1b3329fc568d48e2bc16c8b7ebc/lightning-2.6.6-py3-none-any.whl --hash=sha256:2bcbd6ee840071cd076c7dc9953d7ac1040df92f1c5fa76583aae644f037ab85
lightning-utilities @ https://files.pythonhosted.org/packages/25/f4/ead6e0e37209b07c9baa3e984ccdb0348ca370b77cea3aaea8ddbb097e00/lightning_utilities-0.15.3-py3-none-any.whl --hash=sha256:6c55f1bee70084a1cbeaa41ada96e4b3a0fea5909e844dd335bd80f5a73c5f91
llvmlite @ https://files.pythonhosted.org/packages/69/e6/e942ee08605fc0526ff3854260c384d8315a5830e16c4c2a5aebc14dc9bf/llvmlite-0.49.0-cp312-cp312-manylinux_2_27_aarch64.manylinux_2_28_aarch64.whl --hash=sha256:4ec8ad805e7515cb8440a690eb3cef4d34acb29eef80b705ec4e1c1ad3c43c68
loguru @ https://files.pythonhosted.org/packages/0c/29/0348de65b8cc732daa3e33e67806420b2ae89bdce2b04af740289c5c6c8c/loguru-0.7.3-py3-none-any.whl --hash=sha256:31a33c10c8e1e10422bfd431aeb5d351c7cf7fa671e3c4df004162264b28220c
lycoris_lora @ https://files.pythonhosted.org/packages/9c/26/dfb3de84fbdc67603a78aca329b0d04fa49ea3ca98e87bd5fcb8d86f20be/lycoris_lora-4.0.0-py3-none-any.whl --hash=sha256:7b2c6a82107ce4ce8950ef876959c7e38ecbed88fdd5cea80cb0f2e6306700b7
Markdown @ https://files.pythonhosted.org/packages/64/69/4a5af2bc115a9a33fefe51709749de8262be3f9ba063d1753a837cdbc49c/markdown-3.10.3-py3-none-any.whl --hash=sha256:fa6c92a00a4a3c98b22728c64a935ae1928250ae65058a6ded814d2cc29a4cea
markdown-it-py @ https://files.pythonhosted.org/packages/b3/81/4da04ced5a082363ecfa159c010d200ecbd959ae410c10c0264a38cac0f5/markdown_it_py-4.2.0-py3-none-any.whl --hash=sha256:9f7ebbcd14fe59494226453aed97c1070d83f8d24b6fc3a3bcf9a38092641c4a
MarkupSafe @ https://files.pythonhosted.org/packages/1e/2c/799f4742efc39633a1b54a92eec4082e4f815314869865d876824c257c1e/markupsafe-3.0.3-cp312-cp312-manylinux2014_aarch64.manylinux_2_17_aarch64.manylinux_2_28_aarch64.whl --hash=sha256:3a7e8ae81ae39e62a41ec302f972ba6ae23a5c5396c8e60113e9066ef893da0d
matplotlib @ https://files.pythonhosted.org/packages/f4/84/32549e7a462dc311aed2ab62e5d2538028840b5c53a8be0195c789937c3d/matplotlib-3.11.2-cp312-cp312-manylinux_2_26_aarch64.manylinux_2_28_aarch64.whl --hash=sha256:1b9a7ad579856284135e401ecc918c5f8a017ee30539298862a109f51b971710
mdurl @ https://files.pythonhosted.org/packages/b3/38/89ba8ad64ae25be8de66a6d463314cf1eb366222074cfda9ee839c56a4b4/mdurl-0.1.2-py3-none-any.whl --hash=sha256:84008a41e51615a49fc9966191ff91509e3c40b939176e643fd50a5c2196b8f8
modelscope @ https://files.pythonhosted.org/packages/f8/ea/78b33ab6fe73db1eeedc5df229450d7ff481ec9050f4bcc46e44ef1c00fb/modelscope-1.40.1-py3-none-any.whl --hash=sha256:6f135fe80903e7bfcd6ccc707f4f6f85c8e445cf497b624bd07299582486e2c1
modelscope-hub @ https://files.pythonhosted.org/packages/26/31/2a12be4ba9cf11d8023d06ca85e935de2da7042e7553e438cf549bfd1e4f/modelscope_hub-0.4.3-py3-none-any.whl --hash=sha256:798af1f8474318857ef25112b12e3707e7ae5b40cbfb568efce38af8fb1194a3
mpmath @ https://files.pythonhosted.org/packages/43/e3/7d92a15f894aa0c9c4b49b8ee9ac9850d6e63b03c9c32c0367a13ae62209/mpmath-1.3.0-py3-none-any.whl --hash=sha256:a0b2b9fe80bbcd81a6647ff13108738cfb482d481d826cc0e02f5b35e5c88d2c
multidict @ https://files.pythonhosted.org/packages/db/47/736080fec911ed9f2dd57ccab5a8145e4f17c4987de0bfc27bee20e4d170/multidict-6.8.0-cp312-cp312-manylinux2014_aarch64.manylinux_2_17_aarch64.manylinux_2_28_aarch64.whl --hash=sha256:90c10b22860dbd09982d0b8993b66231a861bea2993d4a817ff35273f6ea285a
networkx @ https://files.pythonhosted.org/packages/9e/c9/b2622292ea83fbb4ec318f5b9ab867d0a28ab43c5717bb85b0a5f6b3b0a4/networkx-3.6.1-py3-none-any.whl --hash=sha256:d47fbf302e7d9cbbb9e2555a0d267983d2aa476bac30e90dfbe5669bd57f3762
numba @ https://files.pythonhosted.org/packages/4d/6d/58291dc58da39d98b32db7f044729f6d8d4920cd9622fbab3179b54ff4c4/numba-0.67.0-cp312-cp312-manylinux_2_27_aarch64.manylinux_2_28_aarch64.whl --hash=sha256:76d3335aaeffb9dc88309420890e73497a00be08a7530441bc2b58ffe025bfa5
numpy @ https://files.pythonhosted.org/packages/c9/c6/50a46a6205feba2343f1d6d17438107c5dc491ed1c736e6ea68689fd906b/numpy-2.4.6-cp312-cp312-manylinux_2_27_aarch64.manylinux_2_28_aarch64.whl --hash=sha256:5f9fb9157b4ce2971008323afe46053787b526ef624fea915b261468a8421a0f
nvidia-cublas @ https://files.pythonhosted.org/packages/a7/a1/0bd24ee8c8d03adac032fd2909426a00c88f8c57961b1277ded97f91119f/nvidia_cublas-13.1.1.3-py3-none-manylinux_2_27_aarch64.whl --hash=sha256:b7a210458267ac818974c53038fbec2e969d5c99f305ab15c72522fa9f001dd5
nvidia-cuda-cupti @ https://files.pythonhosted.org/packages/2a/2a/80353b103fc20ce05ef51e928daed4b6015db4aaa9162ed0997090fe2250/nvidia_cuda_cupti-13.0.85-py3-none-manylinux_2_25_aarch64.whl --hash=sha256:796bd679890ee55fb14a94629b698b6db54bcfd833d391d5e94017dd9d7d3151
nvidia-cuda-nvrtc @ https://files.pythonhosted.org/packages/b7/dc/6bb80850e0b7edd6588d560758f17e0550893a1feaf436807d64d2da040f/nvidia_cuda_nvrtc-13.0.88-py3-none-manylinux2014_aarch64.manylinux_2_17_aarch64.whl --hash=sha256:d27f20a0ca67a4bb34268a5e951033496c5b74870b868bacd046b1b8e0c3267b
nvidia-cuda-runtime @ https://files.pythonhosted.org/packages/87/4f/17d7b9b8e285199c58ce28e31b5c5bbaa4d8271af06a89b6405258245de2/nvidia_cuda_runtime-13.0.96-py3-none-manylinux2014_aarch64.manylinux_2_17_aarch64.whl --hash=sha256:ef9bcbe90493a2b9d810e43d249adb3d02e98dd30200d86607d8d02687c43f55
nvidia-cudnn-cu13 @ https://files.pythonhosted.org/packages/56/c5/83384d846b2fd17c44bd499b36c75a45ed4f095fbbb2252294e89cea5c5c/nvidia_cudnn_cu13-9.20.0.48-py3-none-manylinux_2_27_aarch64.whl --hash=sha256:e31454ae00094b0c55319d9d15b6fa2fc50a9e1c0f5c8c80fb75258234e731e1
nvidia-cufft @ https://files.pythonhosted.org/packages/8b/ae/f417a75c0259e85c1d2f83ca4e960289a5f814ed0cea74d18c353d3e989d/nvidia_cufft-12.0.0.61-py3-none-manylinux2014_aarch64.manylinux_2_17_aarch64.whl --hash=sha256:2708c852ef8cd89d1d2068bdbece0aa188813a0c934db3779b9b1faa8442e5f5
nvidia-cufile @ https://files.pythonhosted.org/packages/ab/73/cc4a14c9813a8a0d509417cf5f4bdaba76e924d58beb9864f5a7baceefbf/nvidia_cufile-1.15.1.6-py3-none-manylinux_2_27_aarch64.whl --hash=sha256:bdc0deedc61f548bddf7733bdc216456c2fdb101d020e1ab4b88d232d5e2f6d1
nvidia-curand @ https://files.pythonhosted.org/packages/1e/72/7c2ae24fb6b63a32e6ae5d241cc65263ea18d08802aaae087d9f013335a2/nvidia_curand-10.4.0.35-py3-none-manylinux_2_27_aarch64.whl --hash=sha256:133df5a7509c3e292aaa2b477afd0194f06ce4ea24d714d616ff36439cee349a
nvidia-cusolver @ https://files.pythonhosted.org/packages/c8/c3/b30c9e935fc01e3da443ec0116ed1b2a009bb867f5324d3f2d7e533e776b/nvidia_cusolver-12.0.4.66-py3-none-manylinux_2_27_aarch64.whl --hash=sha256:02c2457eaa9e39de20f880f4bd8820e6a1cfb9f9a34f820eb12a155aa5bc92d2
nvidia-cusparse @ https://files.pythonhosted.org/packages/f8/94/5c26f33738ae35276672f12615a64bd008ed5be6d1ebcb23579285d960a9/nvidia_cusparse-12.6.3.3-py3-none-manylinux2014_aarch64.manylinux_2_17_aarch64.whl --hash=sha256:80bcc4662f23f1054ee334a15c72b8940402975e0eab63178fc7e670aa59472c
nvidia-cusparselt-cu13 @ https://files.pythonhosted.org/packages/46/e1/cdc1797eadf82d3a9a575a19b33fdc871a97edbec42c00b5b5e914f4aff4/nvidia_cusparselt_cu13-0.8.1-py3-none-manylinux2014_aarch64.whl --hash=sha256:4dca476c50bf4780d46cd0bfbd82e2bc10a08e4fef7950917ce8d7578d22a23f
nvidia-nccl-cu13 @ https://files.pythonhosted.org/packages/72/0d/daf50d44177ee0cbc7ff0a0c91eb5ff676c82be42f9a970bc7597f440c3a/nvidia_nccl_cu13-2.29.7-py3-none-manylinux_2_18_aarch64.whl --hash=sha256:674a12383e3c38a1bcccae7d4f3633b37852230b6047883cb2f4c2d1b36d9bf5
nvidia-nvjitlink @ https://files.pythonhosted.org/packages/ab/2c/93c5250e64df4f894f1cbb397c6fd71f79813f9fd79d7cd61de3f97b3c2d/nvidia_nvjitlink-13.0.88-py3-none-manylinux2014_aarch64.manylinux_2_17_aarch64.whl --hash=sha256:e931536ccc7d467a98ba1d8b89ff7fa7f1fa3b13f2b0069118cd7f47bff07d0c
nvidia-nvshmem-cu13 @ https://files.pythonhosted.org/packages/dc/0f/05cc9c720236dcd2db9c1ab97fff629e96821be2e63103569da0c9b72f19/nvidia_nvshmem_cu13-3.4.5-py3-none-manylinux2014_aarch64.manylinux_2_17_aarch64.whl --hash=sha256:6dc2a197f38e5d0376ad52cd1a2a3617d3cdc150fd5966f4aee9bcebb1d68fe9
nvidia-nvtx @ https://files.pythonhosted.org/packages/a8/64/3708a90d1ebe202ffdeb7185f878a3c84d15c2b2c31858da2ce0583e2def/nvidia_nvtx-13.0.85-py3-none-manylinux2014_aarch64.manylinux_2_17_aarch64.whl --hash=sha256:cb7780edb6b14107373c835bf8b72e7a178bac7367e23da7acb108f973f157a6
orjson @ https://files.pythonhosted.org/packages/50/22/0644b87c73f13e0092df8f35a1fe280d991e5e90072087411e0dd7e44e0c/orjson-3.12.0-cp312-cp312-manylinux_2_17_aarch64.manylinux2014_aarch64.whl --hash=sha256:bf44e374aadde77b1f6109f1030be51433eb61984379852766b6f4e187db7b1e
packaging @ https://files.pythonhosted.org/packages/df/b2/87e62e8c3e2f4b32e5fe99e0b86d576da1312593b39f47d8ceef365e95ed/packaging-26.2-py3-none-any.whl --hash=sha256:5fc45236b9446107ff2415ce77c807cee2862cb6fac22b8a73826d0693b0980e
pandas @ https://files.pythonhosted.org/packages/57/56/cf2dbe1a3f5271370669475ead12ce77c61726ffd19a35546e31aa8edf4e/pandas-2.3.3-cp312-cp312-manylinux_2_24_aarch64.manylinux_2_28_aarch64.whl --hash=sha256:ecaf1e12bdc03c86ad4a7ea848d66c685cb6851d807a26aa245ca3d2017a1908
peft @ https://files.pythonhosted.org/packages/13/f0/29c37002f5ef5cb5be54890114d5c8f726f0cb5072a8ba0880758c912bfd/peft-0.21.0-py3-none-any.whl --hash=sha256:b64eb75fd9dece7401c70e675b8d9de024993b70483691b41c62876f0c7809b7
pillow @ https://files.pythonhosted.org/packages/2b/54/1789c455ed10176066b6e7e6da1b01e50e36f94ba584dc68d9eebfe9156d/pillow-12.2.0-cp312-cp312-manylinux_2_27_aarch64.manylinux_2_28_aarch64.whl --hash=sha256:7371b48c4fa448d20d2714c9a1f775a81155050d383333e0a6c15b1123dda005
propcache @ https://files.pythonhosted.org/packages/83/4f/48865bd02a16ee5236bc46166b2946f37b93e07b0eae355dac0be0b216ca/propcache-0.5.4-cp312-cp312-manylinux2014_aarch64.manylinux_2_17_aarch64.manylinux_2_28_aarch64.whl --hash=sha256:60a64cbccaa11b7760ce705a14ada17ba459e7ca9f23ba587eb013821032d7ef
protobuf @ https://files.pythonhosted.org/packages/6e/08/9f9548793c771095245c0eeaf0c84b76b16a5ef26158043d456f551344a0/protobuf-7.36.1-cp310-abi3-manylinux2014_aarch64.whl --hash=sha256:43d3d37b1eb24c113b9b7d02008cac44e423f00b611b7781ae998d7623972969
psutil @ https://files.pythonhosted.org/packages/63/65/37648c0c158dc222aba51c089eb3bdfa238e621674dc42d48706e639204f/psutil-7.2.2-cp36-abi3-manylinux2014_aarch64.manylinux_2_17_aarch64.manylinux_2_28_aarch64.whl --hash=sha256:b0726cecd84f9474419d67252add4ac0cd9811b04d61123054b9fb6f57df6e9e
pycparser @ https://files.pythonhosted.org/packages/0c/c3/44f3fbbfa403ea2a7c779186dc20772604442dde72947e7d01069cbe98e3/pycparser-3.0-py3-none-any.whl --hash=sha256:b727414169a36b7d524c1c3e31839a521725078d7b2ff038656844266160a992
pydantic @ https://files.pythonhosted.org/packages/eb/47/c95ffc2009878c7aac0c5e08528022dcb885933252a88b5f170058014464/pydantic-2.13.5-py3-none-any.whl --hash=sha256:346a034f080da3755d8e9cb5e00e8b07de1d39e4f6e2c87d8ab7cafa0b269a73
pydantic_core @ https://files.pythonhosted.org/packages/09/f0/2a8ce3849e299d44e2d2c196b6082643a3235565a735cb51db7a6261f614/pydantic_core-2.46.5-cp312-cp312-manylinux_2_17_aarch64.manylinux2014_aarch64.whl --hash=sha256:4fdc8b93a41521988916eeaa271173fcca7fa0803d62f87675aac8dcec1c8e29
pydub @ https://files.pythonhosted.org/packages/a6/53/d78dc063216e62fc55f6b2eebb447f6a4b0a59f55c8406376f76bf959b08/pydub-0.25.1-py2.py3-none-any.whl --hash=sha256:65617e33033874b59d87db603aa1ed450633288aefead953b30bded59cb599a6
Pygments @ https://files.pythonhosted.org/packages/f4/7e/a72dd26f3b0f4f2bf1dd8923c85f7ceb43172af56d63c7383eb62b332364/pygments-2.20.0-py3-none-any.whl --hash=sha256:81a9e26dd42fd28a23a2d169d86d7ac03b46e2f8b59ed4698fb4785f946d0176
pyparsing @ https://files.pythonhosted.org/packages/10/bd/c038d7cc38edc1aa5bf91ab8068b63d4308c66c4c8bb3cbba7dfbc049f9c/pyparsing-3.3.2-py3-none-any.whl --hash=sha256:850ba148bd908d7e2411587e247a1e4f0327839c40e2e5e6d05a007ecc69911d
python-dateutil @ https://files.pythonhosted.org/packages/ec/57/56b9bcc3c9c6a792fcbaf139543cee77261f3651ca9da0c93f5c1221264b/python_dateutil-2.9.0.post0-py2.py3-none-any.whl --hash=sha256:a8b2bc7bffae282281c8140a97d3aa9c14da0b136dfe83f850eea9a5f7470427
python-dotenv @ https://files.pythonhosted.org/packages/0d/17/c5c6b53ddc18f297992099b3d9ec16c855c0ccc83263a21fe4d1c625ec6c/python_dotenv-1.2.3-py3-none-any.whl --hash=sha256:904552145e8bfed22162c09dab1c2b9b54fefa7b23ba780f4f26ca0316b0f0d9
python-multipart @ https://files.pythonhosted.org/packages/e1/04/e8135ebd1ad02c56ec633277529b2602ff99ff634be76cdba5744cf554fd/python_multipart-0.0.32-py3-none-any.whl --hash=sha256:ff6d3f776f16878c894e52e107296ffc890e913c611b1a4ec6c44e2821fe2e23
pytorch-lightning @ https://files.pythonhosted.org/packages/4f/cf/ba8e4cc1b982ff6dc6f9fdef0e4074605438b82640f6270888a10e7e42c3/pytorch_lightning-2.6.6-py3-none-any.whl --hash=sha256:71f95c7b22f25c4f91cc659e1734bcdc6c69c8b66543f2ed2d78dbe29ce2f167
pytorch-wavelets @ https://files.pythonhosted.org/packages/8d/65/b7da80705dc679999ef77c06ded71e060d4ea14ed80111c104223e130cc1/pytorch_wavelets-1.3.0-py3-none-any.whl --hash=sha256:e4f8635872370d8de640ef7548edef4ef60d5c565553c463210e939c7901ee69
pytz @ https://files.pythonhosted.org/packages/0f/7b/39c34ca613b0b198cb866466651b26b045e2009864c5183c979a3b83f383/pytz-2026.3.post1-py2.py3-none-any.whl --hash=sha256:dd95840dd199baea12d9cc096a1d452caa6596a1c1e4b5f3dbd1541855d5e815
PyWavelets @ https://files.pythonhosted.org/packages/42/61/8c7a9337973571511ee5beb6fa11bcc54b7d728273334e271feaf38477ec/pywavelets-1.10.0-cp312-cp312-manylinux_2_27_aarch64.manylinux_2_28_aarch64.whl --hash=sha256:b08149aaf7446280a7bb515a3731e87e16b39d4dbb98af11243a278c36d12c8f
PyYAML @ https://files.pythonhosted.org/packages/ed/23/7a778b6bd0b9a8039df8b1b1d80e2e2ad78aa04171592c8a5c43a56a6af4/pyyaml-6.0.3-cp312-cp312-manylinux2014_aarch64.manylinux_2_17_aarch64.manylinux_2_28_aarch64.whl --hash=sha256:9149cad251584d5fb4981be1ecde53a1ca46c891a79788c0df828d2f166bda28
regex @ https://files.pythonhosted.org/packages/d8/dd/ba103dc19614e25f3880800ca67ce093d6e21b325d72b8383c7bf906e9fa/regex-2026.5.9-cp312-cp312-manylinux2014_aarch64.manylinux_2_17_aarch64.manylinux_2_28_aarch64.whl --hash=sha256:6441cc660d76107934a09c22167200839a0e89604a6297f78a974e66e931d2c0
requests @ https://files.pythonhosted.org/packages/a0/f4/c67b0b3f1b9245e8d266f0f112c500d50e5b4e83cb6f3b71b6528104182a/requests-2.34.2-py3-none-any.whl --hash=sha256:2a0d60c172f83ac6ab31e4554906c0f3b3588d37b5cb939b1c061f4907e278e0
rich @ https://files.pythonhosted.org/packages/82/3b/64d4899d73f91ba49a8c18a8ff3f0ea8f1c1d75481760df8c68ef5235bf5/rich-15.0.0-py3-none-any.whl --hash=sha256:33bd4ef74232fb73fe9279a257718407f169c09b78a87ad3d296f548e27de0bb
safehttpx @ https://files.pythonhosted.org/packages/2e/a3/0f0b7d78e2f1eb9e8e1afbff1d2bff8d60144aee17aca51c065b516743dd/safehttpx-0.1.7-py3-none-any.whl --hash=sha256:c4f4a162db6993464d7ca3d7cc4af0ffc6515a606dfd220b9f82c6945d869cde
safetensors @ https://files.pythonhosted.org/packages/85/10/8aedf0becbe6ba019f0be2ab1efbf124d1319d7daaea5f1e3c165670a162/safetensors-0.8.0rc0-cp310-abi3-manylinux_2_17_aarch64.manylinux2014_aarch64.whl --hash=sha256:79547625fa84f3a9b28b933e44c67d012edf22a0c7170ed68835b9f467dda836
scipy @ https://files.pythonhosted.org/packages/da/34/16f10e3042d2f1d6b66e0428308ab52224b6a23049cb2f5c1756f713815f/scipy-1.17.1-cp312-cp312-manylinux_2_27_aarch64.manylinux_2_28_aarch64.whl --hash=sha256:e19ebea31758fac5893a2ac360fedd00116cbb7628e650842a6691ba7ca28a21
semantic-version @ https://files.pythonhosted.org/packages/6a/23/8146aad7d88f4fcb3a6218f41a60f6c2d4e3a72de72da1825dc7c8f7877c/semantic_version-2.10.0-py2.py3-none-any.whl --hash=sha256:de78a3b8e0feda74cabc54aab2da702113e33ac9d9eb9d2389bcf1f58b7d9177
setuptools @ https://files.pythonhosted.org/packages/e1/e3/c164c88b2e5ce7b24d667b9bd83589cf4f3520d97cad01534cd3c4f55fdb/setuptools-81.0.0-py3-none-any.whl --hash=sha256:fdd925d5c5d9f62e4b74b30d6dd7828ce236fd6ed998a08d81de62ce5a6310d6
shellingham @ https://files.pythonhosted.org/packages/e0/f9/0595336914c5619e5f28a1fb793285925a8cd4b432c9da0a987836c7f822/shellingham-1.5.4-py2.py3-none-any.whl --hash=sha256:7ecfff8f2fd72616f7481040475a65b2bf8af90a56c89140852d1120324e8686
six @ https://files.pythonhosted.org/packages/b7/ce/149a00dd41f10bc29e5921b496af8b574d8413afcd5e30dfa0ed46c2cc5e/six-1.17.0-py2.py3-none-any.whl --hash=sha256:4721f391ed90541fddacab5acf947aa0d3dc7d27b2e1e8eda2be8970586c3274
soundfile @ https://files.pythonhosted.org/packages/58/ae/c0e4a53d77cf6e9a04179535766b3321b0b9ced5f70522e4caf9329f0046/soundfile-0.13.1-py2.py3-none-manylinux_2_28_aarch64.whl --hash=sha256:9c9e855f5a4d06ce4213f31918653ab7de0c5a8d8107cd2427e44b42df547deb
starlette @ https://files.pythonhosted.org/packages/81/0d/13d1d239a25cbfb19e740db83143e95c772a1fe10202dda4b76792b114dd/starlette-0.52.1-py3-none-any.whl --hash=sha256:0029d43eb3d273bc4f83a08720b4912ea4b071087a3b48db01b7c839f7954d74
sympy @ https://files.pythonhosted.org/packages/a2/09/77d55d46fd61b4a135c444fc97158ef34a095e5681d0a6c10b75bf356191/sympy-1.14.0-py3-none-any.whl --hash=sha256:e091cc3e99d2141a0ba2847328f5479b05d94a6635cb96148ccb3f34671bd8f5
tensorboard @ https://files.pythonhosted.org/packages/37/4b/cd2eec9642781a8f5b2fb9994e3933a7b259ab18e9d49aeede9b5acf6311/tensorboard-2.21.0-py3-none-any.whl --hash=sha256:7279316dcb6bd5bc391d623dea841531299cde1887310e8133bc34a996d32255
tensorboard-data-server @ https://files.pythonhosted.org/packages/7a/13/e503968fefabd4c6b2650af21e110aa8466fe21432cd7c43a84577a89438/tensorboard_data_server-0.7.2-py3-none-any.whl --hash=sha256:7e0610d205889588983836ec05dc098e80f97b7e7bbff7e994ebb78f578d0ddb
tokenizers @ https://files.pythonhosted.org/packages/d6/84/7990e799f1309a8b87af6b948f31edaa12a3ed22d11b352eaf4f4b2e5753/tokenizers-0.22.2-cp39-abi3-manylinux_2_17_aarch64.manylinux2014_aarch64.whl --hash=sha256:2249487018adec45d6e3554c71d46eb39fa8ea67156c640f7513eb26f318cec7
toml @ https://files.pythonhosted.org/packages/44/6f/7120676b6d73228c96e17f1f794d8ab046fc910d781c8d151120c3f1569e/toml-0.10.2-py2.py3-none-any.whl --hash=sha256:806143ae5bfb6a3c6e736a764057db0e6a0e05e338b5630894a5f779cabb4f9b
tomlkit @ https://files.pythonhosted.org/packages/bd/75/8539d011f6be8e29f339c42e633aae3cb73bffa95dd0f9adec09b9c58e85/tomlkit-0.13.3-py3-none-any.whl --hash=sha256:c89c649d79ee40629a9fda55f8ace8c6a1b42deb912b2a8fd8d942ddadb606b0
torch @ https://files.pythonhosted.org/packages/79/81/76debf1db1343bd929bbb5d74c89fb437c2ed88eb144712557e7bd3eea45/torch-2.12.0-cp312-cp312-manylinux_2_28_aarch64.whl --hash=sha256:8fbef9f108a863e7722a73740998967e3b074742a834fc5be3a535a2befa7057
torchao @ https://files.pythonhosted.org/packages/c4/4d/485477bb8f05bd501016059c6d8abd742f830cb1b24ab7704e086c7cc35a/torchao-0.18.0-py3-none-any.whl --hash=sha256:5c2b4485341bf28b7fed2c4fc95b9f298e209f41685350f067de85527a05585e
torchaudio @ https://files.pythonhosted.org/packages/78/28/c7adc053039f286c2aca0038b766cbe3294e66fec6b29a820e95128f9ede/torchaudio-2.11.0-cp312-cp312-manylinux_2_28_aarch64.whl --hash=sha256:bc653defca1c16154398517a1adc98d0fb7f1dd08e58ced217558d213c2c6e29
torchmetrics @ https://files.pythonhosted.org/packages/c3/a2/c7f6ebf546f8f644edf0f999aa98ece106986a77a7b922316bf6414ff825/torchmetrics-1.9.0-py3-none-any.whl --hash=sha256:bfdcbff3dd1d96b3374bb2496eb39f23c4b28b8a845b6a18c313688e0d2d9ca1
torchvision @ https://files.pythonhosted.org/packages/d9/36/7fb7d19477b3d93283b52fea11fa8ee30ab9064a08c97b4a6b91445e26cb/torchvision-0.27.0-cp312-cp312-manylinux_2_28_aarch64.whl --hash=sha256:65772ff3ec4f4f5d680e30019835555dd239e7fefee4b0a846375fe1cb1592ef
tqdm @ https://files.pythonhosted.org/packages/16/e1/3079a9ff9b8e11b846c6ac5c8b5bfb7ff225eee721825310c91b3b50304f/tqdm-4.67.3-py3-none-any.whl --hash=sha256:ee1e4c0e59148062281c49d80b25b67771a127c85fc9676d3be5f243206826bf
transformers @ https://files.pythonhosted.org/packages/03/b8/e484ef633af3887baeeb4b6ad12743363af7cce68ae51e938e00aaa0529d/transformers-4.57.6-py3-none-any.whl --hash=sha256:4c9e9de11333ddfe5114bc872c9f370509198acf0b87a832a0ab9458e2bd0550
triton @ https://files.pythonhosted.org/packages/f7/13/ec05adfcd87311d532ba61e3af143e8be59fcd26675884c4682841406a20/triton-3.7.0-cp312-cp312-manylinux_2_27_aarch64.manylinux_2_28_aarch64.whl --hash=sha256:a4bf49b00a7a377a68a6da603a876e797614e6455a80e9021669c476a953ad9a
typer @ https://files.pythonhosted.org/packages/3f/f9/2b3ff4e56e5fa7debfaf9eb135d0da96f3e9a1d5b27222223c7296336e5f/typer-0.25.1-py3-none-any.whl --hash=sha256:75caa44ed46a03fb2dab8808753ffacdbfea88495e74c85a28c5eefcf5f39c89
typer-slim @ https://files.pythonhosted.org/packages/a7/24/5480c20380dfd18cf33d14784096dca45a24eae6102e91d49a718d3b6855/typer_slim-0.24.0-py3-none-any.whl --hash=sha256:d5d7ee1ee2834d5020c7c616ed5e0d0f29b9a4b1dd283bdebae198ec09778d0e
typing-inspection @ https://files.pythonhosted.org/packages/67/81/4add07e5172b7ac40d8ed5ff580409a7801a4fe26d529bdd915401dabfbe/typing_inspection-0.4.4-py3-none-any.whl --hash=sha256:65b8397ba37ccbce054456aaccddfc91e6e3083c92824df348d96ca832f3f147
typing_extensions @ https://files.pythonhosted.org/packages/18/67/36e9267722cc04a6b9f15c7f3441c2363321a3ea07da7ae0c0707beb2a9c/typing_extensions-4.15.0-py3-none-any.whl --hash=sha256:f0fa19c6845758ab08074a0cfa8b7aecb71c999ca73d62883bc25cc018c4e548
tzdata @ https://files.pythonhosted.org/packages/f9/bc/8737e8d54cf51106118039b83f485a4783112fab49ea9d044b234978a46e/tzdata-2026.4-py2.py3-none-any.whl --hash=sha256:c2169a8b0a7a5e9674da5a135ccdfb2b3e671b333ed9fed17b41f73c34476e81
urllib3 @ https://files.pythonhosted.org/packages/7f/3e/5db95bcf282c52709639744ca2a8b149baccf648e39c8cc87553df9eae0c/urllib3-2.7.0-py3-none-any.whl --hash=sha256:9fb4c81ebbb1ce9531cce37674bbc6f1360472bc18ca9a553ede278ef7276897
uvicorn @ https://files.pythonhosted.org/packages/76/18/0eea75741ee812e9f598b687619ce2454f6c3a1c5cd21ea990ec6bd26f45/uvicorn-0.53.0-py3-none-any.whl --hash=sha256:e8dca71ec86dce5f04e333f0d56cdedf942446e6643b9cea1af0d6d3a02cb03e
uvloop @ https://files.pythonhosted.org/packages/24/68/a6ac446820273e71aa762fa21cdcc09861edd3536ff47c5cd3b7afb10eeb/uvloop-0.22.1-cp312-cp312-manylinux2014_aarch64.manylinux_2_17_aarch64.manylinux_2_28_aarch64.whl --hash=sha256:700e674a166ca5778255e0e1dc4e9d79ab2acc57b9171b79e65feba7184b3370
vector-quantize-pytorch @ https://files.pythonhosted.org/packages/1f/9d/d5cfb0cff3640f7aefe721f08f69957d77b152cc6d24bb0c575c1528c6dd/vector_quantize_pytorch-1.29.1-py3-none-any.whl --hash=sha256:bfc0373adf2f230ca96af712933dadd7010857fad4697c8ad84cde1a0752d611
watchfiles @ https://files.pythonhosted.org/packages/13/01/b32a967c56fb3e3e5be3db52c3d3b87fa4513aa367d8ed1ad96d42952e5f/watchfiles-1.2.0-cp312-cp312-manylinux_2_17_aarch64.manylinux2014_aarch64.whl --hash=sha256:8f70d8b291ef6e88d19b1f297a6905ddb978888d9272b0d05e6f53309856bcfc
websockets @ https://files.pythonhosted.org/packages/8a/50/5cbf677b865290fe36819ff00615826e7edc1df38786f770123ff39a933d/websockets-17.1-cp312-cp312-manylinux2014_aarch64.manylinux_2_17_aarch64.manylinux_2_28_aarch64.whl --hash=sha256:d41ef69d5416fbc1d98cf96c37be6192d10fd101c3e0f8b3ddc36e09432b3c08
Werkzeug @ https://files.pythonhosted.org/packages/93/8c/2e650f2afeb7ee576912636c23ddb621c91ac6a98e66dc8d29c3c69446e1/werkzeug-3.1.8-py3-none-any.whl --hash=sha256:63a77fb8892bf28ebc3178683445222aa500e48ebad5ec77b0ad80f8726b1f50
wheel @ https://files.pythonhosted.org/packages/87/1b/9e33c09813d65e248f7f773119148a612516a4bea93e9c6f545f78455b7c/wheel-0.47.0-py3-none-any.whl --hash=sha256:212281cab4dff978f6cedd499cd893e1f620791ca6ff7107cf270781e587eced
xxhash @ https://files.pythonhosted.org/packages/de/bb/542005206af59518bc8d78a210f1e0172217bc53beb32f64a5b632e72b6b/xxhash-4.0.1-cp312-cp312-manylinux2014_aarch64.manylinux_2_17_aarch64.manylinux_2_28_aarch64.whl --hash=sha256:da0264844a09b538c894e5eff25313d941deb4dedec2131b98418a71a3c9944e
yarl @ https://files.pythonhosted.org/packages/1e/b3/058dbfb1857b484c9cf9cc135659f50b85ce66e03c99e44dc2f7b6161f55/yarl-1.25.1-cp312-cp312-manylinux2014_aarch64.manylinux_2_17_aarch64.manylinux_2_28_aarch64.whl --hash=sha256:4d781294bb815ecb5ea57ff6bbf8038e0a31a95fdf3e1788f66e0dc100d64b58
zipp @ https://files.pythonhosted.org/packages/3a/13/547360d81e6d88d58492968ffda9f9542854f11310ee556fef14260cc886/zipp-4.1.0-py3-none-any.whl --hash=sha256:25ad4e16390cd314347dd8f1de67a2ac538ae658ed4ab9db16029c07c188e97f
